
Microsoft Visual Studio Solution File, Format Version 12.00
# Visual Studio 15
VisualStudioVersion = 15.0.28307.1778
MinimumVisualStudioVersion = 10.0.40219.1
Project("{FAE04EC0-301F-11D3-BF4B-00C04F79EFBC}") = "Sushi", "Sushi\Sushi.csproj", "{8B4ACB80-7E10-48C0-8C53-2CC5BB9FFF68}"
EndProject
Global
	GlobalSection(SolutionConfigurationPlatforms) = preSolution
		Debug|Any CPU = Debug|Any CPU
		Release|Any CPU = Release|Any CPU
	EndGlobalSection
	GlobalSection(ProjectConfigurationPlatforms) = postSolution
		{8B4ACB80-7E10-48C0-8C53-2CC5BB9FFF68}.Debug|Any CPU.ActiveCfg = Debug|Any CPU
		{8B4ACB80-7E10-48C0-8C53-2CC5BB9FFF68}.Debug|Any CPU.Build.0 = Debug|Any CPU
		{8B4ACB80-7E10-48C0-8C53-2CC5BB9FFF68}.Release|Any CPU.ActiveCfg = Release|Any CPU
		{8B4ACB80-7E10-48C0-8C53-2CC5BB9FFF68}.Release|Any CPU.Build.0 = Release|Any CPU
	EndGlobalSection
	GlobalSection(SolutionProperties) = preSolution
		HideSolutionNode = FALSE
	EndGlobalSection
	GlobalSection(ExtensibilityGlobals) = postSolution
		SolutionGuid = {33BBD7CF-3CBA-4A11-A2AC-E9EB1A833588}
	EndGlobalSection
EndGlobal
